
Microsoft Visual Studio Solution File, Format Version 12.00
# Visual Studio Version 16
VisualStudioVersion = 25.0.1706.14
MinimumVisualStudioVersion = 10.0.40219.1
Project("{FAE04EC0-301F-11D3-BF4B-00C04F79EFBC}") = "whıle", "whıle\whıle.csproj", "{0D7C9CDB-BA47-4FCB-8156-71281636973C}"
EndProject
Global
	GlobalSection(SolutionConfigurationPlatforms) = preSolution
		Debug|Any CPU = Debug|Any CPU
		Release|Any CPU = Release|Any CPU
	EndGlobalSection
	GlobalSection(ProjectConfigurationPlatforms) = postSolution
		{0D7C9CDB-BA47-4FCB-8156-71281636973C}.Debug|Any CPU.ActiveCfg = Debug|Any CPU
		{0D7C9CDB-BA47-4FCB-8156-71281636973C}.Debug|Any CPU.Build.0 = Debug|Any CPU
		{0D7C9CDB-BA47-4FCB-8156-71281636973C}.Release|Any CPU.ActiveCfg = Release|Any CPU
		{0D7C9CDB-BA47-4FCB-8156-71281636973C}.Release|Any CPU.Build.0 = Release|Any CPU
	EndGlobalSection
	GlobalSection(SolutionProperties) = preSolution
		HideSolutionNode = FALSE
	EndGlobalSection
	GlobalSection(ExtensibilityGlobals) = postSolution
		SolutionGuid = {75C82821-09D7-4162-BEAB-0545FAE2BB96}
	EndGlobalSection
EndGlobal
